
Microsoft Visual Studio Solution File, Format Version 12.00
# Visual Studio Version 16
VisualStudioVersion = 16.0.29403.142
MinimumVisualStudioVersion = 10.0.40219.1
Project("{FAE04EC0-301F-11D3-BF4B-00C04F79EFBC}") = "Pi", "Pi\Pi.csproj", "{82B050A2-C3F4-486E-A518-2B56B76065CA}"
EndProject
Project("{9A19103F-16F7-4668-BE54-9A1E7A4F7556}") = "PiCollision", "PiCollision\PiCollision.csproj", "{B9497DD5-9E52-4853-A7B7-46B647173882}"
EndProject
Project("{FAE04EC0-301F-11D3-BF4B-00C04F79EFBC}") = "PiCollisionPure", "PiCollisionPure\PiCollisionPure.csproj", "{EFFC5A7E-3299-43FC-99E9-D8CD0C9CF03D}"
EndProject
Global
	GlobalSection(SolutionConfigurationPlatforms) = preSolution
		Debug|Any CPU = Debug|Any CPU
		Release|Any CPU = Release|Any CPU
	EndGlobalSection
	GlobalSection(ProjectConfigurationPlatforms) = postSolution
		{82B050A2-C3F4-486E-A518-2B56B76065CA}.Debug|Any CPU.ActiveCfg = Debug|Any CPU
		{82B050A2-C3F4-486E-A518-2B56B76065CA}.Debug|Any CPU.Build.0 = Debug|Any CPU
		{82B050A2-C3F4-486E-A518-2B56B76065CA}.Release|Any CPU.ActiveCfg = Release|Any CPU
		{82B050A2-C3F4-486E-A518-2B56B76065CA}.Release|Any CPU.Build.0 = Release|Any CPU
		{B9497DD5-9E52-4853-A7B7-46B647173882}.Debug|Any CPU.ActiveCfg = Debug|Any CPU
		{B9497DD5-9E52-4853-A7B7-46B647173882}.Debug|Any CPU.Build.0 = Debug|Any CPU
		{B9497DD5-9E52-4853-A7B7-46B647173882}.Release|Any CPU.ActiveCfg = Release|Any CPU
		{B9497DD5-9E52-4853-A7B7-46B647173882}.Release|Any CPU.Build.0 = Release|Any CPU
		{EFFC5A7E-3299-43FC-99E9-D8CD0C9CF03D}.Debug|Any CPU.ActiveCfg = Debug|Any CPU
		{EFFC5A7E-3299-43FC-99E9-D8CD0C9CF03D}.Debug|Any CPU.Build.0 = Debug|Any CPU
		{EFFC5A7E-3299-43FC-99E9-D8CD0C9CF03D}.Release|Any CPU.ActiveCfg = Release|Any CPU
		{EFFC5A7E-3299-43FC-99E9-D8CD0C9CF03D}.Release|Any CPU.Build.0 = Release|Any CPU
	EndGlobalSection
	GlobalSection(SolutionProperties) = preSolution
		HideSolutionNode = FALSE
	EndGlobalSection
	GlobalSection(ExtensibilityGlobals) = postSolution
		SolutionGuid = {73631B90-78C5-44AE-B2D9-517BD140BED6}
	EndGlobalSection
EndGlobal
